
Microsoft Visual Studio Solution File, Format Version 12.00
# Visual Studio 15
VisualStudioVersion = 15.0.27428.2015
MinimumVisualStudioVersion = 10.0.40219.1
Project("{FAE04EC0-301F-11D3-BF4B-00C04F79EFBC}") = "FunctionApp2", "FunctionApp2\FunctionApp2.csproj", "{4F49C492-34C7-45F1-90DD-797DB486BA7F}"
EndProject
Global
	GlobalSection(SolutionConfigurationPlatforms) = preSolution
		Debug|Any CPU = Debug|Any CPU
		Release|Any CPU = Release|Any CPU
	EndGlobalSection
	GlobalSection(ProjectConfigurationPlatforms) = postSolution
		{4F49C492-34C7-45F1-90DD-797DB486BA7F}.Debug|Any CPU.ActiveCfg = Debug|Any CPU
		{4F49C492-34C7-45F1-90DD-797DB486BA7F}.Debug|Any CPU.Build.0 = Debug|Any CPU
		{4F49C492-34C7-45F1-90DD-797DB486BA7F}.Release|Any CPU.ActiveCfg = Release|Any CPU
		{4F49C492-34C7-45F1-90DD-797DB486BA7F}.Release|Any CPU.Build.0 = Release|Any CPU
	EndGlobalSection
	GlobalSection(SolutionProperties) = preSolution
		HideSolutionNode = FALSE
	EndGlobalSection
	GlobalSection(ExtensibilityGlobals) = postSolution
		SolutionGuid = {1DED9131-E7BE-4CC7-8D3E-7F71BAE0801B}
	EndGlobalSection
EndGlobal
